
Microsoft Visual Studio Solution File, Format Version 12.00
# Visual Studio Version 17
VisualStudioVersion = 17.14.36408.4 d17.14
MinimumVisualStudioVersion = 10.0.40219.1
Project("{FAE04EC0-301F-11D3-BF4B-00C04F79EFBC}") = "Lvl3-C3-The_Makings_of_a_Programer", "Lvl3-C3-The_Makings_of_a_Programer.csproj", "{C43433C6-5B1D-4770-817E-1EF1FB365971}"
EndProject
Global
	GlobalSection(SolutionConfigurationPlatforms) = preSolution
		Debug|Any CPU = Debug|Any CPU
		Release|Any CPU = Release|Any CPU
	EndGlobalSection
	GlobalSection(ProjectConfigurationPlatforms) = postSolution
		{C43433C6-5B1D-4770-817E-1EF1FB365971}.Debug|Any CPU.ActiveCfg = Debug|Any CPU
		{C43433C6-5B1D-4770-817E-1EF1FB365971}.Debug|Any CPU.Build.0 = Debug|Any CPU
		{C43433C6-5B1D-4770-817E-1EF1FB365971}.Release|Any CPU.ActiveCfg = Release|Any CPU
		{C43433C6-5B1D-4770-817E-1EF1FB365971}.Release|Any CPU.Build.0 = Release|Any CPU
	EndGlobalSection
	GlobalSection(SolutionProperties) = preSolution
		HideSolutionNode = FALSE
	EndGlobalSection
	GlobalSection(ExtensibilityGlobals) = postSolution
		SolutionGuid = {BEF6D594-5771-4078-A6FD-4DBF79285397}
	EndGlobalSection
EndGlobal
